Microsoft Visual Studio Solution File, Format Version 12.00
# Visual Studio Version 17
VisualStudioVersion = 17.5.2.0
MinimumVisualStudioVersion = 10.0.40219.1
Project("{FAE04EC0-301F-11D3-BF4B-00C04F79EFBC}") = "DonationsAPI", "DonationsAPI.csproj", "{EE4AE0F5-EE5D-7F29-4870-F1B08AFC171C}"
EndProject
Global
	GlobalSection(SolutionConfigurationPlatforms) = preSolution
		Debug|Any CPU = Debug|Any CPU
		Release|Any CPU = Release|Any CPU
	EndGlobalSection
	GlobalSection(ProjectConfigurationPlatforms) = postSolution
		{EE4AE0F5-EE5D-7F29-4870-F1B08AFC171C}.Debug|Any CPU.ActiveCfg = Debug|Any CPU
		{EE4AE0F5-EE5D-7F29-4870-F1B08AFC171C}.Debug|Any CPU.Build.0 = Debug|Any CPU
		{EE4AE0F5-EE5D-7F29-4870-F1B08AFC171C}.Release|Any CPU.ActiveCfg = Release|Any CPU
		{EE4AE0F5-EE5D-7F29-4870-F1B08AFC171C}.Release|Any CPU.Build.0 = Release|Any CPU
	EndGlobalSection
	GlobalSection(SolutionProperties) = preSolution
		HideSolutionNode = FALSE
	EndGlobalSection
	GlobalSection(ExtensibilityGlobals) = postSolution
		SolutionGuid = {4650E19A-73EA-464A-9D46-0A1A8848B6BB}
	EndGlobalSection
EndGlobal
